
Microsoft Visual Studio Solution File, Format Version 12.00
# Visual Studio 15
VisualStudioVersion = 15.0.27703.2000
MinimumVisualStudioVersion = 10.0.40219.1
Project("{8BC9CEB8-8B4A-11D0-8D11-00A0C91BC942}") = "VCard", "VCard\VCard.vcxproj", "{FEE1AD34-6A01-4709-AA46-09A5B62C4545}"
EndProject
Global
	GlobalSection(SolutionConfigurationPlatforms) = preSolution
		Debug|x64 = Debug|x64
		Debug|x86 = Debug|x86
		Release|x64 = Release|x64
		Release|x86 = Release|x86
	EndGlobalSection
	GlobalSection(ProjectConfigurationPlatforms) = postSolution
		{FEE1AD34-6A01-4709-AA46-09A5B62C4545}.Debug|x64.ActiveCfg = Debug|x64
		{FEE1AD34-6A01-4709-AA46-09A5B62C4545}.Debug|x64.Build.0 = Debug|x64
		{FEE1AD34-6A01-4709-AA46-09A5B62C4545}.Debug|x86.ActiveCfg = Debug|Win32
		{FEE1AD34-6A01-4709-AA46-09A5B62C4545}.Debug|x86.Build.0 = Debug|Win32
		{FEE1AD34-6A01-4709-AA46-09A5B62C4545}.Release|x64.ActiveCfg = Release|x64
		{FEE1AD34-6A01-4709-AA46-09A5B62C4545}.Release|x64.Build.0 = Release|x64
		{FEE1AD34-6A01-4709-AA46-09A5B62C4545}.Release|x86.ActiveCfg = Release|Win32
		{FEE1AD34-6A01-4709-AA46-09A5B62C4545}.Release|x86.Build.0 = Release|Win32
	EndGlobalSection
	GlobalSection(SolutionProperties) = preSolution
		HideSolutionNode = FALSE
	EndGlobalSection
	GlobalSection(ExtensibilityGlobals) = postSolution
		SolutionGuid = {B0E915DE-C9F4-4387-9AD5-E9E2A75BE4FB}
	EndGlobalSection
EndGlobal
